<?xml version="1.0" encoding="utf-8"?>
<Project ToolsVersion="4.0" xmlns="http://schemas.microsoft.com/developer/msbuild/2003">
  <ItemGroup>
    <Filter Include="Source Files">
      <UniqueIdentifier>{4FC737F1-C7A5-4376-A066-2A32D752A2FF}</UniqueIdentifier>
      <Extensions>cpp;c;cc;cxx;c++;cppm;ixx;def;odl;idl;hpj;bat;asm;asmx</Extensions>
    </Filter>
    <Filter Include="Header Files">
      <UniqueIdentifier>{93995380-89BD-4b04-88EB-625FBE52EBFB}</UniqueIdentifier>
      <Extensions>h;hh;hpp;hxx;h++;hm;inl;inc;ipp;xsd</Extensions>
    </Filter>
    <Filter Include="Resource Files">
      <UniqueIdentifier>{67DA6AB6-F800-4c08-8B7A-83BB121AAD01}</UniqueIdentifier>
      <Extensions>rc;ico;cur;bmp;dlg;rc2;rct;bin;rgs;gif;jpg;jpeg;jpe;resx;tiff;tif;png;wav;mfcribbon-ms</Extensions>
    </Filter>
    <Filter Include="Header Files\Graphics">
      <UniqueIdentifier>{6794813f-fb61-485a-8b44-f2148106d34b}</UniqueIdentifier>
    </Filter>
    <Filter Include="Source Files\Graphics">
      <UniqueIdentifier>{fc716190-4f5f-435f-aeae-52db41f46036}</UniqueIdentifier>
    </Filter>
    <Filter Include="Resource Files\ImGui">
      <UniqueIdentifier>{d19e11d0-4ccc-4f43-80eb-d30ba4d29018}</UniqueIdentifier>
    </Filter>
    <Filter Include="Resource Files\Resources">
      <UniqueIdentifier>{ca5e354f-aebd-42b1-ba57-6bab52d4b667}</UniqueIdentifier>
    </Filter>
    <Filter Include="Resource Files\Textures">
      <UniqueIdentifier>{4dcb3b31-49b6-4a04-8858-09717c56bfe4}</UniqueIdentifier>
    </Filter>
    <Filter Include="Resource Files\Cursors">
      <UniqueIdentifier>{1ac77bd3-bf20-4dc8-aadf-13dde297320d}</UniqueIdentifier>
    </Filter>
    <Filter Include="Header Files\Input">
      <UniqueIdentifier>{eb5b5de6-cca1-4304-b67f-58fbf52c01c9}</UniqueIdentifier>
    </Filter>
    <Filter Include="Header Files\Model">
      <UniqueIdentifier>{5460bfc1-d835-4b64-91c7-3430f67874ff}</UniqueIdentifier>
    </Filter>
    <Filter Include="Header Files\Objects">
      <UniqueIdentifier>{301e4b01-cb23-44e9-b357-61ba59d5f723}</UniqueIdentifier>
    </Filter>
    <Filter Include="Header Files\Utility">
      <UniqueIdentifier>{631d344b-aad1-4aca-ab16-a3008da25a3e}</UniqueIdentifier>
    </Filter>
    <Filter Include="Header Files\Window">
      <UniqueIdentifier>{2b3ed37d-66b5-4e9e-a5f8-04548271ec20}</UniqueIdentifier>
    </Filter>
    <Filter Include="Source Files\Input">
      <UniqueIdentifier>{f7fe71f9-5ff8-42c2-811f-db06678e586b}</UniqueIdentifier>
    </Filter>
    <Filter Include="Source Files\Model">
      <UniqueIdentifier>{aab1d6b2-643a-48b5-acaa-0dfa3c193851}</UniqueIdentifier>
    </Filter>
    <Filter Include="Source Files\Objects">
      <UniqueIdentifier>{b63cf422-97cc-473e-8c93-0e25950792e5}</UniqueIdentifier>
    </Filter>
    <Filter Include="Source Files\Utility">
      <UniqueIdentifier>{e1d88472-7a5b-4d22-b014-8de32720b8c3}</UniqueIdentifier>
    </Filter>
    <Filter Include="Source Files\Window">
      <UniqueIdentifier>{eed9ed19-3e03-46e2-897d-5b571851f78c}</UniqueIdentifier>
    </Filter>
    <Filter Include="Header Files\Systems">
      <UniqueIdentifier>{453bb41d-e17b-4b49-a371-d82814b0e144}</UniqueIdentifier>
    </Filter>
    <Filter Include="Source Files\Systems">
      <UniqueIdentifier>{d2d33e19-ea55-4827-8615-b8acc32115fb}</UniqueIdentifier>
    </Filter>
    <Filter Include="Resource Files\Shaders">
      <UniqueIdentifier>{d3d47228-5abd-46b6-ad24-71859b580a5f}</UniqueIdentifier>
    </Filter>
  </ItemGroup>
  <ItemGroup>
    <ClInclude Include="Graphics\Viewport.h">
      <Filter>Header Files\Graphics</Filter>
    </ClInclude>
    <ClInclude Include="Graphics\ConstantBuffer.h">
      <Filter>Header Files\Graphics</Filter>
    </ClInclude>
    <ClInclude Include="Graphics\DepthStencil.h">
      <Filter>Header Files\Graphics</Filter>
    </ClInclude>
    <ClInclude Include="Graphics\Graphics.h">
      <Filter>Header Files\Graphics</Filter>
    </ClInclude>
    <ClInclude Include="Graphics\ImGuiManager.h">
      <Filter>Header Files\Graphics</Filter>
    </ClInclude>
    <ClInclude Include="Graphics\IndexBuffer.h">
      <Filter>Header Files\Graphics</Filter>
    </ClInclude>
    <ClInclude Include="Graphics\Rasterizer.h">
      <Filter>Header Files\Graphics</Filter>
    </ClInclude>
    <ClInclude Include="Graphics\RenderTarget.h">
      <Filter>Header Files\Graphics</Filter>
    </ClInclude>
    <ClInclude Include="Graphics\Sampler.h">
      <Filter>Header Files\Graphics</Filter>
    </ClInclude>
    <ClInclude Include="Graphics\Shaders.h">
      <Filter>Header Files\Graphics</Filter>
    </ClInclude>
    <ClInclude Include="Graphics\SwapChain.h">
      <Filter>Header Files\Graphics</Filter>
    </ClInclude>
    <ClInclude Include="Graphics\VertexBuffer.h">
      <Filter>Header Files\Graphics</Filter>
    </ClInclude>
    <ClInclude Include="Resources\Resource.h">
      <Filter>Resource Files\Resources</Filter>
    </ClInclude>
    <ClInclude Include="..\External\imgui\imconfig.h">
      <Filter>Resource Files\ImGui</Filter>
    </ClInclude>
    <ClInclude Include="..\External\imgui\imgui.h">
      <Filter>Resource Files\ImGui</Filter>
    </ClInclude>
    <ClInclude Include="..\External\imgui\imgui_impl_dx11.h">
      <Filter>Resource Files\ImGui</Filter>
    </ClInclude>
    <ClInclude Include="..\External\imgui\imgui_impl_win32.h">
      <Filter>Resource Files\ImGui</Filter>
    </ClInclude>
    <ClInclude Include="..\External\imgui\imgui_internal.h">
      <Filter>Resource Files\ImGui</Filter>
    </ClInclude>
    <ClInclude Include="..\External\imgui\imstb_rectpack.h">
      <Filter>Resource Files\ImGui</Filter>
    </ClInclude>
    <ClInclude Include="..\External\imgui\imstb_textedit.h">
      <Filter>Resource Files\ImGui</Filter>
    </ClInclude>
    <ClInclude Include="..\External\imgui\imstb_truetype.h">
      <Filter>Resource Files\ImGui</Filter>
    </ClInclude>
    <ClInclude Include="Input\Input.h">
      <Filter>Header Files\Input</Filter>
    </ClInclude>
    <ClInclude Include="Input\Keyboard.h">
      <Filter>Header Files\Input</Filter>
    </ClInclude>
    <ClInclude Include="Input\Mouse.h">
      <Filter>Header Files\Input</Filter>
    </ClInclude>
    <ClInclude Include="Input\MousePicking.h">
      <Filter>Header Files\Input</Filter>
    </ClInclude>
    <ClInclude Include="Model\Colour.h">
      <Filter>Header Files\Model</Filter>
    </ClInclude>
    <ClInclude Include="Model\GameObject.h">
      <Filter>Header Files\Model</Filter>
    </ClInclude>
    <ClInclude Include="Model\GameObject3D.h">
      <Filter>Header Files\Model</Filter>
    </ClInclude>
    <ClInclude Include="Model\Mesh.h">
      <Filter>Header Files\Model</Filter>
    </ClInclude>
    <ClInclude Include="Model\Model.h">
      <Filter>Header Files\Model</Filter>
    </ClInclude>
    <ClInclude Include="Model\RenderableGameObject.h">
      <Filter>Header Files\Model</Filter>
    </ClInclude>
    <ClInclude Include="Model\Texture.h">
      <Filter>Header Files\Model</Filter>
    </ClInclude>
    <ClInclude Include="Objects\Camera.h">
      <Filter>Header Files\Objects</Filter>
    </ClInclude>
    <ClInclude Include="Objects\Cube.h">
      <Filter>Header Files\Objects</Filter>
    </ClInclude>
    <ClInclude Include="Objects\Light.h">
      <Filter>Header Files\Objects</Filter>
    </ClInclude>
    <ClInclude Include="Objects\Quad.h">
      <Filter>Header Files\Objects</Filter>
    </ClInclude>
    <ClInclude Include="Utility\Timer.h">
      <Filter>Header Files\Utility</Filter>
    </ClInclude>
    <ClInclude Include="Utility\structures.h">
      <Filter>Header Files\Utility</Filter>
    </ClInclude>
    <ClInclude Include="Utility\StringConverter.h">
      <Filter>Header Files\Utility</Filter>
    </ClInclude>
    <ClInclude Include="Utility\stdafx.h">
      <Filter>Header Files\Utility</Filter>
    </ClInclude>
    <ClInclude Include="Utility\ErrorLogger.h">
      <Filter>Header Files\Utility</Filter>
    </ClInclude>
    <ClInclude Include="Utility\DDSTextureLoader.h">
      <Filter>Header Files\Utility</Filter>
    </ClInclude>
    <ClInclude Include="Utility\COMException.h">
      <Filter>Header Files\Utility</Filter>
    </ClInclude>
    <ClInclude Include="Window\RenderWindow.h">
      <Filter>Header Files\Window</Filter>
    </ClInclude>
    <ClInclude Include="Window\WindowContainer.h">
      <Filter>Header Files\Window</Filter>
    </ClInclude>
    <ClInclude Include="Application.h">
      <Filter>Header Files</Filter>
    </ClInclude>
    <ClInclude Include="..\..\..\Advanced-Graphics-and-Real-Time-Rendering\DX11 Advanced Rendering\FrameworkDX11\Systems\FXAA.h">
      <Filter>Header Files\Systems</Filter>
    </ClInclude>
    <ClInclude Include="..\..\..\Advanced-Graphics-and-Real-Time-Rendering\DX11 Advanced Rendering\FrameworkDX11\Systems\Mapping.h">
      <Filter>Header Files\Systems</Filter>
    </ClInclude>
    <ClInclude Include="..\..\..\Advanced-Graphics-and-Real-Time-Rendering\DX11 Advanced Rendering\FrameworkDX11\Systems\MotionBlur.h">
      <Filter>Header Files\Systems</Filter>
    </ClInclude>
    <ClInclude Include="..\..\..\Advanced-Graphics-and-Real-Time-Rendering\DX11 Advanced Rendering\FrameworkDX11\Systems\PostProcessing.h">
      <Filter>Header Files\Systems</Filter>
    </ClInclude>
    <ClInclude Include="Objects\Face.h">
      <Filter>Header Files\Objects</Filter>
    </ClInclude>
    <ClInclude Include="Utility\ThreadManager.h">
      <Filter>Header Files\Utility</Filter>
    </ClInclude>
    <ClInclude Include="Objects\StencilCube.h">
      <Filter>Header Files\Objects</Filter>
    </ClInclude>
    <ClInclude Include="Objects\StencilCubeInv.h">
      <Filter>Header Files\Objects</Filter>
    </ClInclude>
  </ItemGroup>
  <ItemGroup>
    <ClCompile Include="Graphics\Shaders.cpp">
      <Filter>Source Files\Graphics</Filter>
    </ClCompile>
    <ClCompile Include="Graphics\Graphics.cpp">
      <Filter>Source Files\Graphics</Filter>
    </ClCompile>
    <ClCompile Include="Graphics\ImGuiManager.cpp">
      <Filter>Source Files\Graphics</Filter>
    </ClCompile>
    <ClCompile Include="..\External\imgui\imgui.cpp">
      <Filter>Resource Files\ImGui</Filter>
    </ClCompile>
    <ClCompile Include="..\External\imgui\imgui_demo.cpp">
      <Filter>Resource Files\ImGui</Filter>
    </ClCompile>
    <ClCompile Include="..\External\imgui\imgui_draw.cpp">
      <Filter>Resource Files\ImGui</Filter>
    </ClCompile>
    <ClCompile Include="..\External\imgui\imgui_impl_dx11.cpp">
      <Filter>Resource Files\ImGui</Filter>
    </ClCompile>
    <ClCompile Include="..\External\imgui\imgui_impl_win32.cpp">
      <Filter>Resource Files\ImGui</Filter>
    </ClCompile>
    <ClCompile Include="..\External\imgui\imgui_widgets.cpp">
      <Filter>Resource Files\ImGui</Filter>
    </ClCompile>
    <ClCompile Include="Input\Input.cpp">
      <Filter>Source Files\Input</Filter>
    </ClCompile>
    <ClCompile Include="Input\Keyboard.cpp">
      <Filter>Source Files\Input</Filter>
    </ClCompile>
    <ClCompile Include="Input\Mouse.cpp">
      <Filter>Source Files\Input</Filter>
    </ClCompile>
    <ClCompile Include="Input\MousePicking.cpp">
      <Filter>Source Files\Input</Filter>
    </ClCompile>
    <ClCompile Include="Model\Colour.cpp">
      <Filter>Source Files\Model</Filter>
    </ClCompile>
    <ClCompile Include="Model\GameObject.cpp">
      <Filter>Source Files\Model</Filter>
    </ClCompile>
    <ClCompile Include="Model\GameObject3D.cpp">
      <Filter>Source Files\Model</Filter>
    </ClCompile>
    <ClCompile Include="Model\Mesh.cpp">
      <Filter>Source Files\Model</Filter>
    </ClCompile>
    <ClCompile Include="Model\Model.cpp">
      <Filter>Source Files\Model</Filter>
    </ClCompile>
    <ClCompile Include="Model\RenderableGameObject.cpp">
      <Filter>Source Files\Model</Filter>
    </ClCompile>
    <ClCompile Include="Model\Texture.cpp">
      <Filter>Source Files\Model</Filter>
    </ClCompile>
    <ClCompile Include="Objects\Camera.cpp">
      <Filter>Source Files\Objects</Filter>
    </ClCompile>
    <ClCompile Include="Objects\Cube.cpp">
      <Filter>Source Files\Objects</Filter>
    </ClCompile>
    <ClCompile Include="Objects\Light.cpp">
      <Filter>Source Files\Objects</Filter>
    </ClCompile>
    <ClCompile Include="Objects\Quad.cpp">
      <Filter>Source Files\Objects</Filter>
    </ClCompile>
    <ClCompile Include="Utility\DDSTextureLoader.cpp">
      <Filter>Source Files\Utility</Filter>
    </ClCompile>
    <ClCompile Include="Utility\ErrorLogger.cpp">
      <Filter>Source Files\Utility</Filter>
    </ClCompile>
    <ClCompile Include="Utility\stdafx.cpp">
      <Filter>Source Files\Utility</Filter>
    </ClCompile>
    <ClCompile Include="Utility\StringConverter.cpp">
      <Filter>Source Files\Utility</Filter>
    </ClCompile>
    <ClCompile Include="Utility\Timer.cpp">
      <Filter>Source Files\Utility</Filter>
    </ClCompile>
    <ClCompile Include="Window\RenderWindow.cpp">
      <Filter>Source Files\Window</Filter>
    </ClCompile>
    <ClCompile Include="Window\WindowContainer.cpp">
      <Filter>Source Files\Window</Filter>
    </ClCompile>
    <ClCompile Include="Application.cpp">
      <Filter>Source Files</Filter>
    </ClCompile>
    <ClCompile Include="WinMain.cpp">
      <Filter>Source Files</Filter>
    </ClCompile>
    <ClCompile Include="..\..\..\Advanced-Graphics-and-Real-Time-Rendering\DX11 Advanced Rendering\FrameworkDX11\Systems\PostProcessing.cpp">
      <Filter>Source Files\Systems</Filter>
    </ClCompile>
    <ClCompile Include="..\..\..\Advanced-Graphics-and-Real-Time-Rendering\DX11 Advanced Rendering\FrameworkDX11\Systems\MotionBlur.cpp">
      <Filter>Source Files\Systems</Filter>
    </ClCompile>
    <ClCompile Include="..\..\..\Advanced-Graphics-and-Real-Time-Rendering\DX11 Advanced Rendering\FrameworkDX11\Systems\Mapping.cpp">
      <Filter>Source Files\Systems</Filter>
    </ClCompile>
    <ClCompile Include="..\..\..\Advanced-Graphics-and-Real-Time-Rendering\DX11 Advanced Rendering\FrameworkDX11\Systems\FXAA.cpp">
      <Filter>Source Files\Systems</Filter>
    </ClCompile>
    <ClCompile Include="Objects\Face.cpp">
      <Filter>Source Files\Objects</Filter>
    </ClCompile>
    <ClCompile Include="Utility\ThreadManager.cpp">
      <Filter>Source Files\Utility</Filter>
    </ClCompile>
    <ClCompile Include="Objects\StencilCube.cpp">
      <Filter>Source Files\Objects</Filter>
    </ClCompile>
    <ClCompile Include="Objects\StencilCubeInv.cpp">
      <Filter>Source Files\Objects</Filter>
    </ClCompile>
  </ItemGroup>
  <ItemGroup>
    <None Include="Resources\Fonts\open_sans_ms_16.spritefont">
      <Filter>Resource Files\Resources</Filter>
    </None>
    <None Include="Resources\Cursors\cur116.cur">
      <Filter>Resource Files\Cursors</Filter>
    </None>
    <None Include="Resources\Cursors\cur117.cur">
      <Filter>Resource Files\Cursors</Filter>
    </None>
    <None Include="Resources\Cursors\cur118.cur">
      <Filter>Resource Files\Cursors</Filter>
    </None>
    <None Include="Resources\Cursors\cur119.cur">
      <Filter>Resource Files\Cursors</Filter>
    </None>
    <None Include="Resources\Cursors\cur220.cur">
      <Filter>Resource Files\Cursors</Filter>
    </None>
    <None Include="Resources\Cursors\cur221.cur">
      <Filter>Resource Files\Cursors</Filter>
    </None>
    <None Include="Resources\Cursors\cur222.cur">
      <Filter>Resource Files\Cursors</Filter>
    </None>
    <None Include="Resources\Cursors\cur223.cur">
      <Filter>Resource Files\Cursors</Filter>
    </None>
  </ItemGroup>
  <ItemGroup>
    <ResourceCompile Include="Resources\Non-Euclidean Framework.rc">
      <Filter>Resource Files\Resources</Filter>
    </ResourceCompile>
  </ItemGroup>
  <ItemGroup>
    <Image Include="Resources\directx.ico">
      <Filter>Resource Files\Resources</Filter>
    </Image>
    <Image Include="Resources\Textures\bricks_DISP.dds">
      <Filter>Resource Files\Textures</Filter>
    </Image>
    <Image Include="Resources\Textures\bricks_NORM.dds">
      <Filter>Resource Files\Textures</Filter>
    </Image>
    <Image Include="Resources\Textures\bricks_TEX.dds">
      <Filter>Resource Files\Textures</Filter>
    </Image>
    <Image Include="Resources\Textures\minecraft.dds">
      <Filter>Resource Files\Textures</Filter>
    </Image>
  </ItemGroup>
  <ItemGroup>
    <FxCompile Include="Resources\Shaders\shader_PS.hlsl">
      <Filter>Resource Files\Shaders</Filter>
    </FxCompile>
    <FxCompile Include="Resources\Shaders\shader_VS.hlsl">
      <Filter>Resource Files\Shaders</Filter>
    </FxCompile>
    <FxCompile Include="Resources\Shaders\shaderOBJ_PS.hlsl">
      <Filter>Resource Files\Shaders</Filter>
    </FxCompile>
    <FxCompile Include="Resources\Shaders\shaderOBJ_VS.hlsl">
      <Filter>Resource Files\Shaders</Filter>
    </FxCompile>
    <FxCompile Include="Resources\Shaders\shaderPP_PS.hlsl">
      <Filter>Resource Files\Shaders</Filter>
    </FxCompile>
    <FxCompile Include="Resources\Shaders\shaderPP_VS.hlsl">
      <Filter>Resource Files\Shaders</Filter>
    </FxCompile>
    <FxCompile Include="Resources\Shaders\shaderTEX_PS.hlsl">
      <Filter>Resource Files\Shaders</Filter>
    </FxCompile>
    <FxCompile Include="Resources\Shaders\shaderTEX_VS.hlsl">
      <Filter>Resource Files\Shaders</Filter>
    </FxCompile>
    <FxCompile Include="Resources\Shaders\shaderBD_PS.hlsl">
      <Filter>Resource Files\Shaders</Filter>
    </FxCompile>
  </ItemGroup>
</Project>